{
  "lockfileVersion": 2,
  "configVersion": 1,
  "workspaces": {
    "": {
      "name": "incanto-village-quest-3d",
      "dependencies": {
        "@agent8/gameserver": "^1.10.2",
        "@dimforge/rapier2d-compat": "0.19.3",
        "@dimforge/rapier3d-compat": "0.19.3",
        "@pixiv/three-vrm": "^3.5.3",
        "incanto": "^0.78.0",
        "react": "^18.3.1",
        "react-dom": "^18.3.1",
        "three": "^0.184.0",
      },
      "devDependencies": {
        "@types/node": "^24.0.0",
        "@types/react": "^18.3.12",
        "@types/react-dom": "^18.3.1",
        "@types/three": "^0.184.1",
        "@vitejs/plugin-react": "^6.0.3",
        "typescript": "^6.0.3",
        "vite": "^8.0.16",
      },
    },
  },
  "packages": {
    "@agent8/gameserver": ["@agent8/gameserver@1.10.2", "", { "dependencies": { "@msgpack/msgpack": "^3.1.2", "@noble/hashes": "^1.3.3", "dotenv": "^16.4.7", "lodash": "^4.17.21", "lz4js": "^0.2.0", "socket.io-client": "^4.8.1", "ws": "^8.18.0", "zustand": "^5.0.2" }, "peerDependencies": { "react": "^18.2.0", "react-dom": "^18.2.0" } }, "sha512-MEQs+h7DAa2Z4k9oK+BtokIz491ZIdP4/dbtq+w9XG6bgeDcLG4lH1Khv2nWOe0dp5wyJsUV/ben2rkkHBlrTg=="],

    "@dimforge/rapier2d-compat": ["@dimforge/rapier2d-compat@0.19.3", "", {}, "sha512-5HZUgiSpu9Uba3He+4SCPVte3h2vgxcodkxWThRjd3X/zgq/Z4OyRUKpNEOsOR6AC+OfulPkkZ5asZGzRMpcwA=="],

    "@dimforge/rapier3d-compat": ["@dimforge/rapier3d-compat@0.19.3", "", {}, "sha512-mMVdSj1PRTT108s9Swbu2GQOmHbn8kbJANRV5xfczL3s0T4vkgZAuoMRgvBzQcHanpKusbC0ZJj6z3mC3aj3vg=="],

    "@msgpack/msgpack": ["@msgpack/msgpack@3.1.3", "", {}, "sha512-47XIizs9XZXvuJgoaJUIE2lFoID8ugvc0jzSHP+Ptfk8nTbnR8g788wv48N03Kx0UkAv559HWRQ3yzOgzlRNUA=="],

    "@noble/hashes": ["@noble/hashes@1.8.0", "", {}, "sha512-jCs9ldd7NwzpgXDIf6P3+NrHh9/sD6CQdxHyjQI+h/6rDNo88ypBxxz45UDuZHz9r3tNz7N/VInSVoVdtXEI4A=="],

    "@oxc-project/types": ["@oxc-project/types@0.148.0", "", {}, "sha512-Nm4s/jB+4FpFsPhWGEC4h7rzksesmtnMXomo6rCMcg/b8zLQuOziRgkCS1fxDCXOlJB/6Q8oABOZ/OP6RIPj9A=="],

    "@pixiv/three-vrm": ["@pixiv/three-vrm@3.5.5", "", { "dependencies": { "@pixiv/three-vrm-core": "3.5.5", "@pixiv/three-vrm-materials-hdr-emissive-multiplier": "3.5.5", "@pixiv/three-vrm-materials-mtoon": "3.5.5", "@pixiv/three-vrm-materials-v0compat": "3.5.5", "@pixiv/three-vrm-node-constraint": "3.5.5", "@pixiv/three-vrm-springbone": "3.5.5" }, "peerDependencies": { "three": ">=0.137" } }, "sha512-RPXy7jYAXs704NIpZlosB0U2ENu21G9DrqGWdQgRe8dShaCo1ugpj+6BVPRCy91nt+MPMA96j5rbsSzEl0HlQA=="],

    "@pixiv/three-vrm-core": ["@pixiv/three-vrm-core@3.5.5", "", { "dependencies": { "@pixiv/types-vrm-0.0": "3.5.5", "@pixiv/types-vrmc-vrm-1.0": "3.5.5" }, "peerDependencies": { "three": ">=0.137" } }, "sha512-jjaXZbMVRsk2HAGVxqDLmSJyGOJqbMcJpuTHR1TY/TN1FxiKdAzSqdr/ZUcczYipNf8IL9vDT9NX2XmWj+ybRQ=="],

    "@pixiv/three-vrm-materials-hdr-emissive-multiplier": ["@pixiv/three-vrm-materials-hdr-emissive-multiplier@3.5.5", "", { "dependencies": { "@pixiv/types-vrmc-materials-hdr-emissive-multiplier-1.0": "3.5.5" }, "peerDependencies": { "three": ">=0.137" } }, "sha512-XnHEqpY4ctYMucpeRcptdphOe0RrW7V5fUvojasD8Ja4MTjjrjCNFxsAvp3+HBkPZbkTM2sDCjJBJNzxN1scrA=="],

    "@pixiv/three-vrm-materials-mtoon": ["@pixiv/three-vrm-materials-mtoon@3.5.5", "", { "dependencies": { "@pixiv/types-vrm-0.0": "3.5.5", "@pixiv/types-vrmc-materials-mtoon-1.0": "3.5.5" }, "peerDependencies": { "three": ">=0.137" } }, "sha512-7lThHf4OKBOsVenD+R6L6HffNUlKO3Twnhr3+z77MnUsSzsOanjVKJtjSIly9QJ6hgl8YJmI6RnxCKqXcpplog=="],

    "@pixiv/three-vrm-materials-v0compat": ["@pixiv/three-vrm-materials-v0compat@3.5.5", "", { "dependencies": { "@pixiv/types-vrm-0.0": "3.5.5", "@pixiv/types-vrmc-materials-mtoon-1.0": "3.5.5" }, "peerDependencies": { "three": ">=0.137" } }, "sha512-NjsTK4P4qdcr+RoL2gEUNgF2CY/aplNvyHHxI99N7D6CxDZ2H93FQ9aIuLCABj5b+4CIvldWMCcnS7YuLIr3Lw=="],

    "@pixiv/three-vrm-node-constraint": ["@pixiv/three-vrm-node-constraint@3.5.5", "", { "dependencies": { "@pixiv/types-vrmc-node-constraint-1.0": "3.5.5" }, "peerDependencies": { "three": ">=0.137" } }, "sha512-+ShEXioZ5Ctf0EZ5ZViZ4n0jhV/qtJRH0Juw8nRnMNODZXDSr+B3An2lrfRoMhowCzG63GiUG4lXWV9noMXosA=="],

    "@pixiv/three-vrm-springbone": ["@pixiv/three-vrm-springbone@3.5.5", "", { "dependencies": { "@pixiv/types-vrm-0.0": "3.5.5", "@pixiv/types-vrmc-springbone-1.0": "3.5.5", "@pixiv/types-vrmc-springbone-extended-collider-1.0": "3.5.5" }, "peerDependencies": { "three": ">=0.137" } }, "sha512-GWAWrIegGH/u1ZA+Es03Qzc2yafrQOrhtal9jzUIAgU8Wm2DYuqAABOY+du/9RpBRK8D4T8DBPvRGQqvfrQ/uA=="],

    "@pixiv/types-vrm-0.0": ["@pixiv/types-vrm-0.0@3.5.5", "", {}, "sha512-2S/0jswMjJTwL9ky8YzDR0CIaP6ZmE+HFuyW/0h+SA+awELf+J7WGgC8lTLM1MXzokO7Z2YVljU2F0fEhlKDIQ=="],

    "@pixiv/types-vrmc-materials-hdr-emissive-multiplier-1.0": ["@pixiv/types-vrmc-materials-hdr-emissive-multiplier-1.0@3.5.5", "", {}, "sha512-IuHw9ehXt2bymqfdFV+f2cCXo8kvJUfh0Zuut8qmKXoEb7HVyLGIQyS4TcQHG5yY22UTWHI1Axo5tQv35lPTgQ=="],

    "@pixiv/types-vrmc-materials-mtoon-1.0": ["@pixiv/types-vrmc-materials-mtoon-1.0@3.5.5", "", {}, "sha512-GFVuksAJVhrWTXYmI/ucNsE611/d8N6BoZrzhUAAINndt98loyzapW2+DJu+GsUBO5yxd+vLsL0FB16XD9+TGg=="],

    "@pixiv/types-vrmc-node-constraint-1.0": ["@pixiv/types-vrmc-node-constraint-1.0@3.5.5", "", {}, "sha512-8EbJ1uzkn9yJQarCChmpG12+mc2c7PimHvQ8H6/tMh/hqp5NtJND0z2lR2KeVxw9A3M+TpF+xgImhLBxGjqwzQ=="],

    "@pixiv/types-vrmc-springbone-1.0": ["@pixiv/types-vrmc-springbone-1.0@3.5.5", "", {}, "sha512-gRQ5Y7PaGiMefvOrJ3hvoSPqpA67jiwyhwh8ItjsPi3yri/Hn3CeXplW3Cbx3ZPbfu+C3Q2MCRa2TqAUOjeMRA=="],

    "@pixiv/types-vrmc-springbone-extended-collider-1.0": ["@pixiv/types-vrmc-springbone-extended-collider-1.0@3.5.5", "", {}, "sha512-+6RxLaAvVguP7upjS/OT4viNPWvac1HBRQY1nmdvfYNQuCMdrMsCZqvy2af0Fcjnda4V9JbKFIpZDC0lrw1+uQ=="],

    "@pixiv/types-vrmc-vrm-1.0": ["@pixiv/types-vrmc-vrm-1.0@3.5.5", "", {}, "sha512-WnemHHo2375BcBdumEhvrupZzsMSzTfdWlokmV9sUX2oC+OAQqJFfBjLF8ppkOhzHpl4MAPJqEfuhBJtNPm9ww=="],

    "@rolldown/binding-android-arm-eabi": ["@rolldown/binding-android-arm-eabi@1.2.7", "", { "os": "android", "cpu": "arm" }, "sha512-EypzgnYCwyVY4NDHKzGmNJT5b+XaQEBniHxsMdeIQLB/tcCzZnhqrzHpZFbX9iaxx+5RiB8caATBtfvZP7zVxQ=="],

    "@rolldown/binding-android-arm64": ["@rolldown/binding-android-arm64@1.2.7", "", { "os": "android", "cpu": "arm64" }, "sha512-l17HE9EweWaqJZhuUuNBN/FzM62xw+DECVnJyvMsxn8vJFAGLy5QfLDoYAcronkAN8VxKZHezDpulHDPx95vFw=="],

    "@rolldown/binding-darwin-arm64": ["@rolldown/binding-darwin-arm64@1.2.7", "", { "os": "darwin", "cpu": "arm64" }, "sha512-8ED8ELFvHXc6OCETIn4gXObPiaR6bckM/ipXtbzlPVDRMBfEGjCKgO90F9YtfdpDatVx/ZQw7aZ1vUMf/+T3Mw=="],

    "@rolldown/binding-darwin-x64": ["@rolldown/binding-darwin-x64@1.2.7", "", { "os": "darwin", "cpu": "x64" }, "sha512-/WPripjtiAIZ2tWY7ddijORT0Ujg87wxWW/qcoFVCKAWVDPhtY0xr7Dj0M3GyNGz60jGwTElhro/mkF9dT7dDQ=="],

    "@rolldown/binding-freebsd-x64": ["@rolldown/binding-freebsd-x64@1.2.7", "", { "os": "freebsd", "cpu": "x64" }, "sha512-14DI4NcqpvbICxSnGLx3PmtDaWqRP/KGSGb6C+JLLVPeZRl6dKdHba3pGsqT3vpdTqhEYIPG0MMQ8c0xYqoJxA=="],

    "@rolldown/binding-linux-arm-gnueabihf": ["@rolldown/binding-linux-arm-gnueabihf@1.2.7", "", { "os": "linux", "cpu": "arm" }, "sha512-bxrWIRvHWQvbJwi+VIie/kDJmQxcNE6xxWwZdqF/ExVAigtHkv54WTLQPb+QsZdnFy18fg7JPfWGL0RH6vwIlQ=="],

    "@rolldown/binding-linux-arm64-gnu": ["@rolldown/binding-linux-arm64-gnu@1.2.7", "", { "os": "linux", "cpu": "arm64" }, "sha512-toOY2BChBZyuxU7OYX6Tn389di4IzAqPTycVcci0O7FSfBqzRB3RZn+K5Is6ANf4tmgRd/K1yZTsNTXbkXsnLg=="],

    "@rolldown/binding-linux-arm64-musl": ["@rolldown/binding-linux-arm64-musl@1.2.7", "", { "os": "linux", "cpu": "arm64" }, "sha512-lAIXTH/aiLRLxsTgQvfhjo4K1ydWIp00+V0voOr9beb/9ZmkUFrSIb03dXNFRgMNvkE6oGsF10ioQ6UsI+vS5Q=="],

    "@rolldown/binding-linux-ppc64-gnu": ["@rolldown/binding-linux-ppc64-gnu@1.2.7", "", { "os": "linux", "cpu": "ppc64" }, "sha512-kdnwS28Pkenp/mZMRwjXXXwxQ7pIsm+bF919LUK93BOyhcLsrVKdP2p9fxpiPNPAbNuch8ypQt0pm2P2LYCAGg=="],

    "@rolldown/binding-linux-s390x-gnu": ["@rolldown/binding-linux-s390x-gnu@1.2.7", "", { "os": "linux", "cpu": "s390x" }, "sha512-516OdsyLdr5E65paF3yBF55t8mfm9+gmtCsK3xI7XKXIT7EfRlHhxL8K/NR6Hu8BWSgF5+1w74lTL0+nxcc8Qw=="],

    "@rolldown/binding-linux-x64-gnu": ["@rolldown/binding-linux-x64-gnu@1.2.7", "", { "os": "linux", "cpu": "x64" }, "sha512-r8/z8n7GFaYRln3xmP1Cxy0HH/HLM0uBUPkEuSVEfKGDA89M0FsZRZJRSwe/tJjRx+fpH/gjorfhB8tmEbSFLA=="],

    "@rolldown/binding-linux-x64-musl": ["@rolldown/binding-linux-x64-musl@1.2.7", "", { "os": "linux", "cpu": "x64" }, "sha512-pAsE8iiDxUg1xBqdhrTfg45AVDVpirjz00sblEYClGNNcMnDb+e8beQgqIAw6LvauX/APvgxUnwrgun/YYGBhw=="],

    "@rolldown/binding-openharmony-arm64": ["@rolldown/binding-openharmony-arm64@1.2.7", "", { "os": "none", "cpu": "arm64" }, "sha512-lTcIYmmnQQA8Or/2DatS6oSqcdLHvendjS+zLu+FwgToynWMRSmQdpM65fTANJgIS4mjbMOo5KT2lnT9SAb96w=="],

    "@rolldown/binding-win32-arm64-msvc": ["@rolldown/binding-win32-arm64-msvc@1.2.7", "", { "os": "win32", "cpu": "arm64" }, "sha512-e3Gu3WxbNk/UqQhxqU7YIYO+9ZBvWNz3U+h/qRFosscMFzdRPbXYSaSWgSnklv2fz1TgzBTcti2z35c/7irsHw=="],

    "@rolldown/binding-win32-x64-msvc": ["@rolldown/binding-win32-x64-msvc@1.2.7", "", { "os": "win32", "cpu": "x64" }, "sha512-W/jg5qoRSqjsEv0+dZi4e687mcHqmVuU0P4fK6qS/xjetW2Gmc1W8j//z5nAeNcC8Ttm0hV46IjcYeuVwYhuiw=="],

    "@rolldown/pluginutils": ["@rolldown/pluginutils@1.0.1", "", {}, "sha512-2j9bGt5Jh8hj+vPtgzPtl72j0yRxHAyumoo6TNfAjsLB04UtpSvPbPcDcBMxz7n+9CYB0c1GxQFxYRg2jimqGw=="],

    "@socket.io/component-emitter": ["@socket.io/component-emitter@3.1.2", "", {}, "sha512-9BCxFwvbGg/RsZK9tjXd8s4UcwR0MWeFQ1XEKIQVVvAGJyINdrqKMcTRyLoK8Rse1GjzLV9cwjWV1olXRWEXVA=="],

    "@tweenjs/tween.js": ["@tweenjs/tween.js@23.1.3", "", {}, "sha512-vJmvvwFxYuGnF2axRtPYocag6Clbb5YS7kLL+SO/TeVFzHqDIWrNKYtcsPMibjDx9O+bu+psAy9NKfWklassUA=="],

    "@types/node": ["@types/node@24.13.3", "", { "dependencies": { "undici-types": "~7.18.0" } }, "sha512-Dh8vAsV36ig5wa9OX4pXvMc9D3Veibfw2wix0CUwYODLD8nkj9UsLjASr49nPg+2eKzxhBV+v7L8pXvT4e639Q=="],

    "@types/prop-types": ["@types/prop-types@15.7.15", "", {}, "sha512-F6bEyamV9jKGAFBEmlQnesRPGOQqS2+Uwi0Em15xenOxHaf2hv6L8YCVn3rPdPJOiJfPiCnLIRyvwVaqMY3MIw=="],

    "@types/react": ["@types/react@18.3.31", "", { "dependencies": { "@types/prop-types": "*", "csstype": "^3.2.2" } }, "sha512-vfEqpXTvwT91yhmwdfouStN2hSKwTvyRs8qpLfADyrq/kxDw0hZM7Wk9Ug1FELj8hIby+S/+kQCSRFF32nv2Qw=="],

    "@types/react-dom": ["@types/react-dom@18.3.7", "", { "peerDependencies": { "@types/react": "^18.0.0" } }, "sha512-MEe3UeoENYVFXzoXEWsvcpg6ZvlrFNlOQ7EOsvhI3CfAXwzPfO8Qwuxd40nepsYKqyyVQnTdEfv68q91yLcKrQ=="],

    "@types/stats.js": ["@types/stats.js@0.17.4", "", {}, "sha512-jIBvWWShCvlBqBNIZt0KAshWpvSjhkwkEu4ZUcASoAvhmrgAUI2t1dXrjSL4xXVLB4FznPrIsX3nKXFl/Dt4vA=="],

    "@types/three": ["@types/three@0.184.1", "", { "dependencies": { "@dimforge/rapier3d-compat": "~0.12.0", "@tweenjs/tween.js": "~23.1.3", "@types/stats.js": "*", "@types/webxr": ">=0.5.17", "fflate": "~0.8.2", "meshoptimizer": "~1.1.1" } }, "sha512-6q4VdiqVsrTRqmk62/BnlcAvIrnDM0zf2ZDVKI5kZiniWrSaOHaQzmbp+BNzoggc/8tgW412pL//wZIxu2PPTA=="],

    "@types/webxr": ["@types/webxr@0.5.24", "", {}, "sha512-h8fgEd/DpoS9CBrjEQXR+dIDraopAEfu4wYVNY2tEPwk60stPWhvZMf4Foo5FakuQ7HFZoa8WceaWFervK2Ovg=="],

    "@vitejs/plugin-react": ["@vitejs/plugin-react@6.1.1", "", { "dependencies": { "@rolldown/pluginutils": "^1.0.1" }, "peerDependencies": { "@rolldown/plugin-babel": "^0.1.7 || ^0.2.0", "babel-plugin-react-compiler": "^1.0.0", "oxc-transform-react": "^0.145.0", "vite": "^8.0.0" }, "optionalPeers": ["@rolldown/plugin-babel", "babel-plugin-react-compiler", "oxc-transform-react"] }, "sha512-yxLaQV9gkhS8ezJqCM6+ndU7mDY6gqAg75NQ+0IjwEI8IYOmQCgkRwHKVSfWXW076DsqMo0Dk+0FK1U+M5RgFw=="],

    "csstype": ["csstype@3.2.3", "", {}, "sha512-z1HGKcYy2xA8AGQfwrn0PAy+PB7X/GSj3UVJW9qKyn43xWa+gl5nXmU4qqLMRzWVLFC8KusUX8T/0kCiOYpAIQ=="],

    "debug": ["debug@4.4.3", "", { "dependencies": { "ms": "^2.1.3" }, "peerDependencies": { "supports-color": "*" }, "optionalPeers": ["supports-color"] }, "sha512-RGwwWnwQvkVfavKVt22FGLw+xYSdzARwm0ru6DhTVA3umU5hZc28V3kO4stgYryrTlLpuvgI9GiijltAjNbcqA=="],

    "detect-libc": ["detect-libc@2.1.2", "", {}, "sha512-Btj2BOOO83o3WyH59e8MgXsxEQVcarkUOpEYrubB0urwnN10yQ364rsiByU11nZlqWYZm05i/of7io4mzihBtQ=="],

    "dotenv": ["dotenv@16.6.1", "", {}, "sha512-uBq4egWHTcTt33a72vpSG0z3HnPuIl6NqYcTrKEg2azoEyl2hpW0zqlxysq2pK9HlDIHyHyakeYaYnSAwd8bow=="],

    "engine.io-client": ["engine.io-client@6.6.6", "", { "dependencies": { "@socket.io/component-emitter": "~3.1.0", "debug": "~4.4.1", "engine.io-parser": "~5.2.1", "ws": "~8.21.0", "xmlhttprequest-ssl": "~2.1.1" } }, "sha512-iY6QdftLQ9pyiPoX082bpf/u1UewnOaJrtJIF9T0++QB34lZrj0uP+Q/bj8AlUsAxqhnkTV2BS8SBZSxOmoV5Q=="],

    "engine.io-parser": ["engine.io-parser@5.2.3", "", {}, "sha512-HqD3yTBfnBxIrbnM1DoD6Pcq8NECnh8d4As1Qgh0z5Gg3jRRIqijury0CL3ghu/edArpUYiYqQiDUQBIs4np3Q=="],

    "fdir": ["fdir@6.5.0", "", { "peerDependencies": { "picomatch": "^3 || ^4" }, "optionalPeers": ["picomatch"] }, "sha512-tIbYtZbucOs0BRGqPJkshJUYdL+SDH7dVM8gjy+ERp3WAUjLEFJE+02kanyHtwjWOnwrKYBiwAmM0p4kLJAnXg=="],

    "fflate": ["fflate@0.8.3", "", {}, "sha512-tbZNuJrLwGUp3zshBtdy4W+ORxZuIh8a5ilyIEQDC5rY1f3U20JMry0Ll3WBzU58EZKsEuJFXhb5gwv8CsPvgA=="],

    "fsevents": ["fsevents@2.3.3", "", { "os": "darwin" }, "sha512-5xoDfX+fL7faATnagmWPpbFtwh/R77WmMMqqHGS65C3vvB0YHrgF+B1YmZ3441tMj5n63k0212XNoJwzlhffQw=="],

    "incanto": ["incanto@0.78.0", "", { "dependencies": { "@dimforge/rapier2d-compat": "0.19.3", "@dimforge/rapier3d-compat": "0.19.3", "@pixiv/three-vrm": "^3.5.3" }, "peerDependencies": { "@agent8/gameserver": ">=1.10.0", "react": ">=18", "three": ">=0.180.0" }, "optionalPeers": ["@agent8/gameserver", "react"], "bin": { "incanto": "bin/incanto.mjs", "incanto-skills": "bin/incanto-skills.mjs", "incanto-editor": "bin/incanto-editor.mjs", "incanto-model": "bin/incanto-model.mjs", "incanto-check": "bin/incanto-check.mjs", "incanto-assets": "bin/incanto-assets.mjs", "incanto-env": "bin/incanto-env.mjs", "incanto-play": "bin/incanto-play.mjs", "incanto-playtest": "bin/incanto-playtest.mjs", "incanto-multiplay": "bin/incanto-multiplay.mjs", "incanto-feel": "bin/incanto-feel.mjs", "incanto-new": "bin/incanto-new.mjs", "incanto-frame": "bin/incanto-frame.mjs", "incanto-verify": "bin/incanto-verify.mjs", "incanto-logs": "bin/incanto-logs.mjs", "incanto-serve": "bin/incanto-serve.mjs" } }, "sha512-R+uDjpjjrHQ9wukUngLWUVXqf+ndcxo+jRUjcdTpyaQE25b1elJysVMKvXXhtItcH6Z3bUZMZ5zs9Hqv2D12Sw=="],

    "js-tokens": ["js-tokens@4.0.0", "", {}, "sha512-RdJUflcE3cUzKiMqQgsCu06FPu9UdIJO0beYbPhHN4k6apgJtifcoCtT9bcxOpYBtpD2kCM6Sbzg4CausW/PKQ=="],

    "lightningcss": ["lightningcss@1.33.0", "", { "dependencies": { "detect-libc": "^2.0.3" }, "optionalDependencies": { "lightningcss-android-arm64": "1.33.0", "lightningcss-darwin-arm64": "1.33.0", "lightningcss-darwin-x64": "1.33.0", "lightningcss-freebsd-x64": "1.33.0", "lightningcss-linux-arm-gnueabihf": "1.33.0", "lightningcss-linux-arm64-gnu": "1.33.0", "lightningcss-linux-arm64-musl": "1.33.0", "lightningcss-linux-x64-gnu": "1.33.0", "lightningcss-linux-x64-musl": "1.33.0", "lightningcss-win32-arm64-msvc": "1.33.0", "lightningcss-win32-x64-msvc": "1.33.0" } }, "sha512-WkUDrojuJs0xkgGf2udWxa3yGBRxPtxUkB79i6aCZLRgc7PM8fZe9TosfPDcvEpQZbuFASnHYmRLBLUbmLOIIA=="],

    "lightningcss-android-arm64": ["lightningcss-android-arm64@1.33.0", "", { "os": "android", "cpu": "arm64" }, "sha512-gEpRTalKdosp4Bb8qWtc2iOgE5SeIHlpS1up9bFq2wAyYhl1UdTObYiHe98zEM9SQvSoqQZ1IQD0JNpg3Ml5pg=="],

    "lightningcss-darwin-arm64": ["lightningcss-darwin-arm64@1.33.0", "", { "os": "darwin", "cpu": "arm64" }, "sha512-Sciaz8eenNTKn9b3t7+xr0ipTp9YxKQY4npwQ3mrRuL0BAVHBLyZxofhaKBAVtzmtRZ/zTyo0/to4B1uWG/Djg=="],

    "lightningcss-darwin-x64": ["lightningcss-darwin-x64@1.33.0", "", { "os": "darwin", "cpu": "x64" }, "sha512-Z5UPAxzrjlWNNyGy6i65cJzzvgJ5D3T6wMvs+gWpY9d7qRhANrxqAp6LhxIgZhWEw18RfJTGcRxjuLIBr+m8XQ=="],

    "lightningcss-freebsd-x64": ["lightningcss-freebsd-x64@1.33.0", "", { "os": "freebsd", "cpu": "x64" }, "sha512-QQM/Ti/hQajJwCY+RiWuCZ9sdtI/XQk7nDK5vC8kkdwixezOlDgvDx7+RT+QjK6FcFT4MpsuoBnHIo/O3StRRg=="],

    "lightningcss-linux-arm-gnueabihf": ["lightningcss-linux-arm-gnueabihf@1.33.0", "", { "os": "linux", "cpu": "arm" }, "sha512-N7FVBe6iS24MlM6R/4RBTxGhQheZGs7tiQ9U32UtF75NzP5Q7xWPRqLBCKxlRQRk3rY1jCIPLzx7WzOhuUIRLQ=="],

    "lightningcss-linux-arm64-gnu": ["lightningcss-linux-arm64-gnu@1.33.0", "", { "os": "linux", "cpu": "arm64" }, "sha512-j2v/itmy4HlNxlc6voKXYgBqNi0Ng2LShg4z7GufpEgs05P+2suBVyi9I6YHq5uoVFx9ETin3eCEhLVyXGQnKg=="],

    "lightningcss-linux-arm64-musl": ["lightningcss-linux-arm64-musl@1.33.0", "", { "os": "linux", "cpu": "arm64" }, "sha512-yiO5ROMuYQgXbC60yjZU5CYSFZGKXL0HFATXt9mHJn1+zW55oCtMI9NfcVhYLMFDL7gV7oBPon/EmMMGg2OvtQ=="],

    "lightningcss-linux-x64-gnu": ["lightningcss-linux-x64-gnu@1.33.0", "", { "os": "linux", "cpu": "x64" }, "sha512-ar+Ju7LmcN0Jo4FpL4hpFybwNG9/3A/Br5KW2n2jyODg3MEZXaDYADdemoNS+BDNfMgKvylJLj4S5tyRActuAg=="],

    "lightningcss-linux-x64-musl": ["lightningcss-linux-x64-musl@1.33.0", "", { "os": "linux", "cpu": "x64" }, "sha512-RYiYbkokw0trfKqqzfF55lginwEPrD3OJDfTuJzFs1MK6iFnDenaz1fqLLtX4ITG3OktJQXOeTaw1awrBAlZPw=="],

    "lightningcss-win32-arm64-msvc": ["lightningcss-win32-arm64-msvc@1.33.0", "", { "os": "win32", "cpu": "arm64" }, "sha512-1K+MPfLSFVpphzpdbfkhlWk6wBrTObBzS2T6db10PNOZgR9GoVsAWzwNyuhUYYbTp23j+4RrncfujZ4uAzXvwA=="],

    "lightningcss-win32-x64-msvc": ["lightningcss-win32-x64-msvc@1.33.0", "", { "os": "win32", "cpu": "x64" }, "sha512-OlEICDx/Xl0FqSp4bry8zFnCvGpig3Gl4gCquvYwHuqJKEC1+n9NgDniFvqHGmMv1ZkqDJrDqKKSykTDX+ehuA=="],

    "lodash": ["lodash@4.18.1", "", {}, "sha512-dMInicTPVE8d1e5otfwmmjlxkZoUpiVLwyeTdUsi/Caj/gfzzblBcCE5sRHV/AsjuCmxWrte2TNGSYuCeCq+0Q=="],

    "loose-envify": ["loose-envify@1.4.0", "", { "dependencies": { "js-tokens": "^3.0.0 || ^4.0.0" }, "bin": { "loose-envify": "cli.js" } }, "sha512-lyuxPGr/Wfhrlem2CL/UcnUc1zcqKAImBDzukY7Y5F/yQiNdko6+fRLevlw1HgMySw7f611UIY408EtxRSoK3Q=="],

    "lz4js": ["lz4js@0.2.0", "", {}, "sha512-gY2Ia9Lm7Ep8qMiuGRhvUq0Q7qUereeldZPP1PMEJxPtEWHJLqw9pgX68oHajBH0nzJK4MaZEA/YNV3jT8u8Bg=="],

    "meshoptimizer": ["meshoptimizer@1.1.1", "", {}, "sha512-oRFNWJRDA/WTrVj7NWvqa5HqE1t9MYDj2VaWirQCzCCrAd2GHrqR/sQezCxiWATPNlKTcRaPRHPJwIRoPBAp5g=="],

    "ms": ["ms@2.1.3", "", {}, "sha512-6FlzubTLZG3J2a/NVCAleEhjzq5oxgHyaCU9yYXvcLsvoVaHJq/s5xXI6/XXP6tz7R9xAOtHnSO/tXtF3WRTlA=="],

    "nanoid": ["nanoid@3.3.18", "", { "bin": { "nanoid": "bin/nanoid.cjs" } }, "sha512-DTg4MJbGMWkfi6VZFdNt2/caMbQy4Ou+Op/hJQvGEWcnVfoA1QA+xzRKAzw9jD6+GVOOeYr/mIcuDSdug6F6+w=="],

    "picocolors": ["picocolors@1.1.1", "", {}, "sha512-xceH2snhtb5M9liqDsmEw56le376mTZkEX/jEb/RxNFyegNul7eNslCXP9FDj/Lcu0X8KEyMceP2ntpaHrDEVA=="],

    "picomatch": ["picomatch@4.0.7", "", {}, "sha512-qcJu88Q2IWqJsDD529JKMdwGm/dvInW4HvQnRwiH9JtihJvzGOscDtHE3x1pBKeUOTysQ8kVmLnJ2kJu7yhcGA=="],

    "postcss": ["postcss@8.5.28", "", { "dependencies": { "nanoid": "^3.3.18", "picocolors": "^1.1.1", "source-map-js": "^1.2.1" } }, "sha512-RRuzqDtt5Y9h3quz5hWhK+TPnsmVs6WwSU6LkJMeY4HstUEDuYTG8UJSdawMRzmzAtV+KEoG8N3Qg2qLy5vM/A=="],

    "react": ["react@18.3.1", "", { "dependencies": { "loose-envify": "^1.1.0" } }, "sha512-wS+hAgJShR0KhEvPJArfuPVN1+Hz1t0Y6n5jLrGQbkb4urgPE/0Rve+1kMB1v/oWgHgm4WIcV+i7F2pTVj+2iQ=="],

    "react-dom": ["react-dom@18.3.1", "", { "dependencies": { "loose-envify": "^1.1.0", "scheduler": "^0.23.2" }, "peerDependencies": { "react": "^18.3.1" } }, "sha512-5m4nQKp+rZRb09LNH59GM4BxTh9251/ylbKIbpe7TpGxfJ+9kv6BLkLBXIjjspbgbnIBNqlI23tRnTWT0snUIw=="],

    "rolldown": ["rolldown@1.2.7", "", { "dependencies": { "@oxc-project/types": "=0.148.0", "@rolldown/pluginutils": "^1.0.0" }, "optionalDependencies": { "@rolldown/binding-android-arm-eabi": "1.2.7", "@rolldown/binding-android-arm64": "1.2.7", "@rolldown/binding-darwin-arm64": "1.2.7", "@rolldown/binding-darwin-x64": "1.2.7", "@rolldown/binding-freebsd-x64": "1.2.7", "@rolldown/binding-linux-arm-gnueabihf": "1.2.7", "@rolldown/binding-linux-arm64-gnu": "1.2.7", "@rolldown/binding-linux-arm64-musl": "1.2.7", "@rolldown/binding-linux-ppc64-gnu": "1.2.7", "@rolldown/binding-linux-s390x-gnu": "1.2.7", "@rolldown/binding-linux-x64-gnu": "1.2.7", "@rolldown/binding-linux-x64-musl": "1.2.7", "@rolldown/binding-openharmony-arm64": "1.2.7", "@rolldown/binding-win32-arm64-msvc": "1.2.7", "@rolldown/binding-win32-x64-msvc": "1.2.7" }, "bin": { "rolldown": "./bin/cli.mjs" } }, "sha512-g0EtLvBjTUB7jhyV0S/TCup3v/XSVl45vUIGbOGU4QPiyjTenCe4mKuFvW9fEgYmS2Fo42AUssRmNuMziXdrig=="],

    "scheduler": ["scheduler@0.23.2", "", { "dependencies": { "loose-envify": "^1.1.0" } }, "sha512-UOShsPwz7NrMUqhR6t0hWjFduvOzbtv7toDH1/hIrfRNIDBnnBWd0CwJTGvTpngVlmwGCdP9/Zl/tVrDqcuYzQ=="],

    "socket.io-client": ["socket.io-client@4.8.3", "", { "dependencies": { "@socket.io/component-emitter": "~3.1.0", "debug": "~4.4.1", "engine.io-client": "~6.6.1", "socket.io-parser": "~4.2.4" } }, "sha512-uP0bpjWrjQmUt5DTHq9RuoCBdFJF10cdX9X+a368j/Ft0wmaVgxlrjvK3kjvgCODOMMOz9lcaRzxmso0bTWZ/g=="],

    "socket.io-parser": ["socket.io-parser@4.2.7", "", { "dependencies": { "@socket.io/component-emitter": "~3.1.0", "debug": "~4.4.1" } }, "sha512-IH/iSeO9T6gz1KkFleGDWkG9N3dl4jXVYUtMhIqH10Md0ttMer8nUNWiP1DKuNrybD2xBrixLJdCC9J6ECoYkg=="],

    "source-map-js": ["source-map-js@1.2.1", "", {}, "sha512-UXWMKhLOwVKb728IUtQPXxfYU+usdybtUrK/8uGE8CQMvrhOpwvzDBwj0QhSL7MQc7vIsISBG8VQ8+IDQxpfQA=="],

    "three": ["three@0.184.0", "", {}, "sha512-wtTRjG92pM5eUg/KuUnHsqSAlPM296brTOcLgMRqEeylYTh/CdtvKUvCyyCQTzFuStieWxvZb8mVTMvdPyUpxg=="],

    "tinyglobby": ["tinyglobby@0.2.17", "", { "dependencies": { "fdir": "^6.5.0", "picomatch": "^4.0.4" } }, "sha512-wXR/dYpcqKmfWpEdZjiKJOwCNFndD0DMnrW/cYjVGttEkBfVgcLFHoNrlj47mjOVic9yyNu65alsgF4NQyTa2g=="],

    "typescript": ["typescript@6.0.3", "", { "bin": { "tsc": "bin/tsc", "tsserver": "bin/tsserver" } }, "sha512-y2TvuxSZPDyQakkFRPZHKFm+KKVqIisdg9/CZwm9ftvKXLP8NRWj38/ODjNbr43SsoXqNuAisEf1GdCxqWcdBw=="],

    "undici-types": ["undici-types@7.18.2", "", {}, "sha512-AsuCzffGHJybSaRrmr5eHr81mwJU3kjw6M+uprWvCXiNeN9SOGwQ3Jn8jb8m3Z6izVgknn1R0FTCEAP2QrLY/w=="],

    "vite": ["vite@8.2.2", "", { "dependencies": { "lightningcss": "^1.33.0", "picomatch": "^4.0.5", "postcss": "^8.5.26", "rolldown": "~1.2.4", "tinyglobby": "^0.2.17" }, "optionalDependencies": { "fsevents": "~2.3.3" }, "peerDependencies": { "@types/node": "^20.19.0 || >=22.12.0", "@vitejs/devtools": "^0.4.0 || ^0.5.0", "esbuild": "^0.27.0 || ^0.28.0", "jiti": ">=1.21.0", "less": "^4.0.0", "sass": "^1.70.0", "sass-embedded": "^1.70.0", "stylus": ">=0.54.8", "sugarss": "^5.0.0", "terser": "^5.16.0", "tsx": "^4.8.1", "yaml": "^2.4.2" }, "optionalPeers": ["@types/node", "@vitejs/devtools", "esbuild", "jiti", "less", "sass", "sass-embedded", "stylus", "sugarss", "terser", "tsx", "yaml"], "bin": { "vite": "bin/vite.js" } }, "sha512-cFKLV/PRgAUlIRm5WjMjJ86jrftzpqcgH+Us+DS8mI3CDNiH30Whrz8uHL3+MOLPAgqbMBAqWdAHAphOAM+z/Q=="],

    "ws": ["ws@8.21.3", "", { "peerDependencies": { "bufferutil": "^4.0.1", "utf-8-validate": ">=5.0.2" }, "optionalPeers": ["bufferutil", "utf-8-validate"] }, "sha512-201TZ/kPWxoPr/OKWjquZR1SWKXcvxdH+e1xrx89b3YbmzLMFCLfnaG1HFIgWzJOEWZ7MvpK++odZufgYR50Rw=="],

    "xmlhttprequest-ssl": ["xmlhttprequest-ssl@2.1.2", "", {}, "sha512-TEU+nJVUUnA4CYJFLvK5X9AOeH4KvDvhIfm0vV1GaQRtchnG0hgK5p8hw/xjv8cunWYCsiPCSDzObPyhEwq3KQ=="],

    "zustand": ["zustand@5.0.15", "", { "peerDependencies": { "@types/react": ">=18.0.0", "immer": ">=9.0.6", "react": ">=18.0.0", "use-sync-external-store": ">=1.2.0" }, "optionalPeers": ["@types/react", "immer", "react", "use-sync-external-store"] }, "sha512-MpSEjRiBkA9crSYeOUH32rJC7SVqAbm0Fqcqge/bUi2PPoLcBWKOsG+C8mevmpr8TwXHBVkChbbJiyvkE+i/3A=="],

    "@types/three/@dimforge/rapier3d-compat": ["@dimforge/rapier3d-compat@0.12.0", "", {}, "sha512-uekIGetywIgopfD97oDL5PfeezkFpNhwlzlaEYNOA0N6ghdsOvh/HYjSMek5Q2O1PYvRSDFcqFVJl4r4ZBwOow=="],
  }
}
